# This file is autogenerated, do not edit; changes may be undone by the next 'dep ensure'.


[[projects]]
  name = "github.com/BurntSushi/toml"
  packages = ["."]
  revision = "b26d9c308763d68093482582cea63d69be07a0f0"
  version = "v0.3.0"

[[projects]]
  branch = "master"
  name = "github.com/jinzhu/configor"
  packages = ["."]
  revision = "4edaf76fe18865e36de734d887f4c01bd05707af"

[[projects]]
  branch = "master"
  name = "github.com/noaway/dateparse"
  packages = ["."]
  revision = "ad2b19d7b2981cdc43fc364e65a88f46d1eae5c9"

[[projects]]
  name = "gopkg.in/yaml.v2"
  packages = ["."]
  revision = "5420a8b6744d3b0345ab293f6fcba19c978f1183"
  version = "v2.2.1"

[solve-meta]
  analyzer-name = "dep"
  analyzer-version = 1
  inputs-digest = "4035ae5e4fd716e71ce51fe80e06d116c426957d780d806369925dde1f175e94"
  solver-name = "gps-cdcl"
  solver-version = 1
